# THIS IS AN AUTOGENERATED FILE. DO NOT EDIT THIS FILE DIRECTLY.
# yarn lockfile v1


swiper@^12.2.0:
  version "12.2.0"
  resolved "https://registry.yarnpkg.com/swiper/-/swiper-12.2.0.tgz#f6daa886465abd1bbc42be2f2ce1827cd03c91ea"
  integrity sha512-K8uXsBZU6ME97Ia3xbBge8IRCnR1lOmIILzvY/jGVic7dSTQ530s3uO8RvXbPUtkkXLWIwmZLRPbtDxRWVAFdg==
